
Microsoft Visual Studio Solution File, Format Version 12.00
# Visual Studio Version 17
VisualStudioVersion = 17.6.33723.286
MinimumVisualStudioVersion = 10.0.40219.1
Project("{FAE04EC0-301F-11D3-BF4B-00C04F79EFBC}") = "MMGuideTech", "MMGuideTech\MMGuideTech.csproj", "{544A1E6A-8CDA-4572-A27F-6E565FA4016E}"
EndProject
Project("{FAE04EC0-301F-11D3-BF4B-00C04F79EFBC}") = "MMGuideTechTests", "MMGuideTechTests\MMGuideTechTests.csproj", "{D9779284-8770-4862-9A94-882416BB25D5}"
EndProject
Global
	GlobalSection(SolutionConfigurationPlatforms) = preSolution
		Debug|Any CPU = Debug|Any CPU
		Release|Any CPU = Release|Any CPU
	EndGlobalSection
	GlobalSection(ProjectConfigurationPlatforms) = postSolution
		{544A1E6A-8CDA-4572-A27F-6E565FA4016E}.Debug|Any CPU.ActiveCfg = Debug|Any CPU
		{544A1E6A-8CDA-4572-A27F-6E565FA4016E}.Debug|Any CPU.Build.0 = Debug|Any CPU
		{544A1E6A-8CDA-4572-A27F-6E565FA4016E}.Release|Any CPU.ActiveCfg = Release|Any CPU
		{544A1E6A-8CDA-4572-A27F-6E565FA4016E}.Release|Any CPU.Build.0 = Release|Any CPU
		{D9779284-8770-4862-9A94-882416BB25D5}.Debug|Any CPU.ActiveCfg = Debug|Any CPU
		{D9779284-8770-4862-9A94-882416BB25D5}.Debug|Any CPU.Build.0 = Debug|Any CPU
		{D9779284-8770-4862-9A94-882416BB25D5}.Release|Any CPU.ActiveCfg = Release|Any CPU
		{D9779284-8770-4862-9A94-882416BB25D5}.Release|Any CPU.Build.0 = Release|Any CPU
	EndGlobalSection
	GlobalSection(SolutionProperties) = preSolution
		HideSolutionNode = FALSE
	EndGlobalSection
	GlobalSection(ExtensibilityGlobals) = postSolution
		SolutionGuid = {8728CC4C-EE8F-44EB-AEAE-EC460E264B7C}
	EndGlobalSection
EndGlobal
